
Microsoft Visual Studio Solution File, Format Version 12.00
# Visual Studio Version 17
VisualStudioVersion = 17.5.002.0
MinimumVisualStudioVersion = 10.0.40219.1
Project("{9A19103F-16F7-4668-BE54-9A1E7A4F7556}") = "ConsoleApp", "ConsoleApp\ConsoleApp.csproj", "{5A9121E0-8590-4D2F-98FB-A2DBB2B7260A}"
EndProject
Project("{9A19103F-16F7-4668-BE54-9A1E7A4F7556}") = "StandaloneLibrary", "StandaloneLibrary\StandaloneLibrary.csproj", "{441CB253-0F77-44F2-81F4-C24864CCE521}"
EndProject
Global
	GlobalSection(SolutionConfigurationPlatforms) = preSolution
		Debug|Any CPU = Debug|Any CPU
		Release|Any CPU = Release|Any CPU
	EndGlobalSection
	GlobalSection(ProjectConfigurationPlatforms) = postSolution
		{5A9121E0-8590-4D2F-98FB-A2DBB2B7260A}.Debug|Any CPU.ActiveCfg = Debug|Any CPU
		{5A9121E0-8590-4D2F-98FB-A2DBB2B7260A}.Debug|Any CPU.Build.0 = Debug|Any CPU
		{5A9121E0-8590-4D2F-98FB-A2DBB2B7260A}.Release|Any CPU.ActiveCfg = Release|Any CPU
		{5A9121E0-8590-4D2F-98FB-A2DBB2B7260A}.Release|Any CPU.Build.0 = Release|Any CPU
		{441CB253-0F77-44F2-81F4-C24864CCE521}.Debug|Any CPU.ActiveCfg = Debug|Any CPU
		{441CB253-0F77-44F2-81F4-C24864CCE521}.Debug|Any CPU.Build.0 = Debug|Any CPU
		{441CB253-0F77-44F2-81F4-C24864CCE521}.Release|Any CPU.ActiveCfg = Release|Any CPU
		{441CB253-0F77-44F2-81F4-C24864CCE521}.Release|Any CPU.Build.0 = Release|Any CPU
	EndGlobalSection
	GlobalSection(SolutionProperties) = preSolution
		HideSolutionNode = FALSE
	EndGlobalSection
	GlobalSection(ExtensibilityGlobals) = postSolution
		SolutionGuid = {BA44930B-C0E3-41DC-B0F6-3CCFE423B3DC}
	EndGlobalSection
EndGlobal
